// !$*UTF8*$!
{
	archiveVersion = 1;
	classes = {
	};
	objectVersion = 50;
	objects = {

/* Begin PBXBuildFile section */
		D50311FBAFFECC496EEC658C /* Pods_AnimationsExercise.framework in Frameworks */ = {isa = PBXBuildFile; fileRef = 3BB3549C001576227BDDDA97 /* Pods_AnimationsExercise.framework */; };
		FEC9AD0E226F699E001B78CC /* alertnotification.json in Resources */ = {isa = PBXBuildFile; fileRef = FEC9AD0B226F699E001B78CC /* alertnotification.json */; };
		FEC9AD0F226F699E001B78CC /* charging.json in Resources */ = {isa = PBXBuildFile; fileRef = FEC9AD0C226F699E001B78CC /* charging.json */; };
		FEC9AD10226F699E001B78CC /* payforeveryting.json in Resources */ = {isa = PBXBuildFile; fileRef = FEC9AD0D226F699E001B78CC /* payforeveryting.json */; };
		FEC9AD12226F76C8001B78CC /* tickets.json in Resources */ = {isa = PBXBuildFile; fileRef = FEC9AD11226F76C7001B78CC /* tickets.json */; };
		FEC9AD14226F781D001B78CC /* loader.json in Resources */ = {isa = PBXBuildFile; fileRef = FEC9AD13226F781D001B78CC /* loader.json */; };
		FEDE03AA226F649C00E5275C /* AppDelegate.swift in Sources */ = {isa = PBXBuildFile; fileRef = FEDE03A9226F649C00E5275C /* AppDelegate.swift */; };
		FEDE03AC226F649C00E5275C /* ViewController.swift in Sources */ = {isa = PBXBuildFile; fileRef = FEDE03AB226F649C00E5275C /* ViewController.swift */; };
		FEDE03AF226F649C00E5275C /* Main.storyboard in Resources */ = {isa = PBXBuildFile; fileRef = FEDE03AD226F649C00E5275C /* Main.storyboard */; };
		FEDE03B1226F649E00E5275C /* Assets.xcassets in Resources */ = {isa = PBXBuildFile; fileRef = FEDE03B0226F649E00E5275C /* Assets.xcassets */; };
		FEDE03B4226F649E00E5275C /* LaunchScreen.storyboard in Resources */ = {isa = PBXBuildFile; fileRef = FEDE03B2226F649E00E5275C /* LaunchScreen.storyboard */; };
/* End PBXBuildFile section */

/* Begin PBXFileReference section */
		3BB3549C001576227BDDDA97 /* Pods_AnimationsExercise.framework */ = {isa = PBXFileReference; explicitFileType = wrapper.framework; includeInIndex = 0; path = Pods_AnimationsExercise.framework; sourceTree = BUILT_PRODUCTS_DIR; };
		6B5A9CA88258D8F8C58A3134 /* Pods-AnimationsExercise.debug.xcconfig */ = {isa = PBXFileReference; includeInIndex = 1; lastKnownFileType = text.xcconfig; name = "Pods-AnimationsExercise.debug.xcconfig"; path = "Target Support Files/Pods-AnimationsExercise/Pods-AnimationsExercise.debug.xcconfig"; sourceTree = "<group>"; };
		A7AFDB36B279B6E82441CB5A /* Pods-AnimationsExercise.release.xcconfig */ = {isa = PBXFileReference; includeInIndex = 1; lastKnownFileType = text.xcconfig; name = "Pods-AnimationsExercise.release.xcconfig"; path = "Target Support Files/Pods-AnimationsExercise/Pods-AnimationsExercise.release.xcconfig"; sourceTree = "<group>"; };
		FEC9AD0B226F699E001B78CC /* alertnotification.json */ = {isa = PBXFileReference; fileEncoding = 4; lastKnownFileType = text.json; path = alertnotification.json; sourceTree = "<group>"; };
		FEC9AD0C226F699E001B78CC /* charging.json */ = {isa = PBXFileReference; fileEncoding = 4; lastKnownFileType = text.json; path = charging.json; sourceTree = "<group>"; };
		FEC9AD0D226F699E001B78CC /* payforeveryting.json */ = {isa = PBXFileReference; fileEncoding = 4; lastKnownFileType = text.json; path = payforeveryting.json; sourceTree = "<group>"; };
		FEC9AD11226F76C7001B78CC /* tickets.json */ = {isa = PBXFileReference; fileEncoding = 4; lastKnownFileType = text.json; path = tickets.json; sourceTree = "<group>"; };
		FEC9AD13226F781D001B78CC /* loader.json */ = {isa = PBXFileReference; fileEncoding = 4; lastKnownFileType = text.json; path = loader.json; sourceTree = "<group>"; };
		FEDE03A6226F649C00E5275C /* AnimationsExercise.app */ = {isa = PBXFileReference; explicitFileType = wrapper.application; includeInIndex = 0; path = AnimationsExercise.app; sourceTree = BUILT_PRODUCTS_DIR; };
		FEDE03A9226F649C00E5275C /* AppDelegate.swift */ = {isa = PBXFileReference; lastKnownFileType = sourcecode.swift; path = AppDelegate.swift; sourceTree = "<group>"; };
		FEDE03AB226F649C00E5275C /* ViewController.swift */ = {isa = PBXFileReference; lastKnownFileType = sourcecode.swift; path = ViewController.swift; sourceTree = "<group>"; };
		FEDE03AE226F649C00E5275C /* Base */ = {isa = PBXFileReference; lastKnownFileType = file.storyboard; name = Base; path = Base.lproj/Main.storyboard; sourceTree = "<group>"; };
		FEDE03B0226F649E00E5275C /* Assets.xcassets */ = {isa = PBXFileReference; lastKnownFileType = folder.assetcatalog; path = Assets.xcassets; sourceTree = "<group>"; };
		FEDE03B3226F649E00E5275C /* Base */ = {isa = PBXFileReference; lastKnownFileType = file.storyboard; name = Base; path = Base.lproj/LaunchScreen.storyboard; sourceTree = "<group>"; };
		FEDE03B5226F649E00E5275C /* Info.plist */ = {isa = PBXFileReference; lastKnownFileType = text.plist.xml; path = Info.plist; sourceTree = "<group>"; };
/* End PBXFileReference section */

/* Begin PBXFrameworksBuildPhase section */
		FEDE03A3226F649C00E5275C /* Frameworks */ = {
			isa = PBXFrameworksBuildPhase;
			buildActionMask = 2147483647;
			files = (
				D50311FBAFFECC496EEC658C /* Pods_AnimationsExercise.framework in Frameworks */,
			);
			runOnlyForDeploymentPostprocessing = 0;
		};
/* End PBXFrameworksBuildPhase section */

/* Begin PBXGroup section */
		B2C1C5CBA99A6976137F3EDE /* Frameworks */ = {
			isa = PBXGroup;
			children = (
				3BB3549C001576227BDDDA97 /* Pods_AnimationsExercise.framework */,
			);
			name = Frameworks;
			sourceTree = "<group>";
		};
		F21C084D0A920376F99D631F /* Pods */ = {
			isa = PBXGroup;
			children = (
				6B5A9CA88258D8F8C58A3134 /* Pods-AnimationsExercise.debug.xcconfig */,
				A7AFDB36B279B6E82441CB5A /* Pods-AnimationsExercise.release.xcconfig */,
			);
			path = Pods;
			sourceTree = "<group>";
		};
		FEDE039D226F649C00E5275C = {
			isa = PBXGroup;
			children = (
				FEDE03A8226F649C00E5275C /* AnimationsExercise */,
				FEDE03A7226F649C00E5275C /* Products */,
				F21C084D0A920376F99D631F /* Pods */,
				B2C1C5CBA99A6976137F3EDE /* Frameworks */,
			);
			sourceTree = "<group>";
		};
		FEDE03A7226F649C00E5275C /* Products */ = {
			isa = PBXGroup;
			children = (
				FEDE03A6226F649C00E5275C /* AnimationsExercise.app */,
			);
			name = Products;
			sourceTree = "<group>";
		};
		FEDE03A8226F649C00E5275C /* AnimationsExercise */ = {
			isa = PBXGroup;
			children = (
				FEC9AD11226F76C7001B78CC /* tickets.json */,
				FEC9AD0B226F699E001B78CC /* alertnotification.json */,
				FEC9AD13226F781D001B78CC /* loader.json */,
				FEC9AD0C226F699E001B78CC /* charging.json */,
				FEC9AD0D226F699E001B78CC /* payforeveryting.json */,
				FEDE03A9226F649C00E5275C /* AppDelegate.swift */,
				FEDE03AB226F649C00E5275C /* ViewController.swift */,
				FEDE03AD226F649C00E5275C /* Main.storyboard */,
				FEDE03B0226F649E00E5275C /* Assets.xcassets */,
				FEDE03B2226F649E00E5275C /* LaunchScreen.storyboard */,
				FEDE03B5226F649E00E5275C /* Info.plist */,
			);
			path = AnimationsExercise;
			sourceTree = "<group>";
		};
/* End PBXGroup section */

/* Begin PBXNativeTarget section */
		FEDE03A5226F649C00E5275C /* AnimationsExercise */ = {
			isa = PBXNativeTarget;
			buildConfigurationList = FEDE03B8226F649E00E5275C /* Build configuration list for PBXNativeTarget "AnimationsExercise" */;
			buildPhases = (
				EDB56D91F8E82B144B971D08 /* [CP] Check Pods Manifest.lock */,
				FEDE03A2226F649C00E5275C /* Sources */,
				FEDE03A3226F649C00E5275C /* Frameworks */,
				FEDE03A4226F649C00E5275C /* Resources */,
				A15364E7F3F9B4C0277DF4BF /* [CP] Embed Pods Frameworks */,
			);
			buildRules = (
			);
			dependencies = (
			);
			name = AnimationsExercise;
			productName = AnimationsExercise;
			productReference = FEDE03A6226F649C00E5275C /* AnimationsExercise.app */;
			productType = "com.apple.product-type.application";
		};
/* End PBXNativeTarget section */

/* Begin PBXProject section */
		FEDE039E226F649C00E5275C /* Project object */ = {
			isa = PBXProject;
			attributes = {
				LastSwiftUpdateCheck = 1020;
				LastUpgradeCheck = 1020;
				ORGANIZATIONNAME = "Vintage Robot";
				TargetAttributes = {
					FEDE03A5226F649C00E5275C = {
						CreatedOnToolsVersion = 10.2.1;
					};
				};
			};
			buildConfigurationList = FEDE03A1226F649C00E5275C /* Build configuration list for PBXProject "AnimationsExercise" */;
			compatibilityVersion = "Xcode 9.3";
			developmentRegion = en;
			hasScannedForEncodings = 0;
			knownRegions = (
				en,
				Base,
			);
			mainGroup = FEDE039D226F649C00E5275C;
			productRefGroup = FEDE03A7226F649C00E5275C /* Products */;
			projectDirPath = "";
			projectRoot = "";
			targets = (
				FEDE03A5226F649C00E5275C /* AnimationsExercise */,
			);
		};
/* End PBXProject section */

/* Begin PBXResourcesBuildPhase section */
		FEDE03A4226F649C00E5275C /* Resources */ = {
			isa = PBXResourcesBuildPhase;
			buildActionMask = 2147483647;
			files = (
				FEDE03B4226F649E00E5275C /* LaunchScreen.storyboard in Resources */,
				FEC9AD0E226F699E001B78CC /* alertnotification.json in Resources */,
				FEC9AD14226F781D001B78CC /* loader.json in Resources */,
				FEC9AD10226F699E001B78CC /* payforeveryting.json in Resources */,
				FEC9AD12226F76C8001B78CC /* tickets.json in Resources */,
				FEDE03B1226F649E00E5275C /* Assets.xcassets in Resources */,
				FEC9AD0F226F699E001B78CC /* charging.json in Resources */,
				FEDE03AF226F649C00E5275C /* Main.storyboard in Resources */,
			);
			runOnlyForDeploymentPostprocessing = 0;
		};
/* End PBXResourcesBuildPhase section */

/* Begin PBXShellScriptBuildPhase section */
		A15364E7F3F9B4C0277DF4BF /* [CP] Embed Pods Frameworks */ = {
			isa = PBXShellScriptBuildPhase;
			buildActionMask = 2147483647;
			files = (
			);
			inputFileListPaths = (
			);
			inputPaths = (
				"${PODS_ROOT}/Target Support Files/Pods-AnimationsExercise/Pods-AnimationsExercise-frameworks.sh",
				"${BUILT_PRODUCTS_DIR}/lottie-ios/Lottie.framework",
			);
			name = "[CP] Embed Pods Frameworks";
			outputFileListPaths = (
			);
			outputPaths = (
				"${TARGET_BUILD_DIR}/${FRAMEWORKS_FOLDER_PATH}/Lottie.framework",
			);
			runOnlyForDeploymentPostprocessing = 0;
			shellPath = /bin/sh;
			shellScript = "\"${PODS_ROOT}/Target Support Files/Pods-AnimationsExercise/Pods-AnimationsExercise-frameworks.sh\"\n";
			showEnvVarsInLog = 0;
		};
		EDB56D91F8E82B144B971D08 /* [CP] Check Pods Manifest.lock */ = {
			isa = PBXShellScriptBuildPhase;
			buildActionMask = 2147483647;
			files = (
			);
			inputFileListPaths = (
			);
			inputPaths = (
				"${PODS_PODFILE_DIR_PATH}/Podfile.lock",
				"${PODS_ROOT}/Manifest.lock",
			);
			name = "[CP] Check Pods Manifest.lock";
			outputFileListPaths = (
			);
			outputPaths = (
				"$(DERIVED_FILE_DIR)/Pods-AnimationsExercise-checkManifestLockResult.txt",
			);
			runOnlyForDeploymentPostprocessing = 0;
			shellPath = /bin/sh;
			shellScript = "diff \"${PODS_PODFILE_DIR_PATH}/Podfile.lock\" \"${PODS_ROOT}/Manifest.lock\" > /dev/null\nif [ $? != 0 ] ; then\n    # print error to STDERR\n    echo \"error: The sandbox is not in sync with the Podfile.lock. Run 'pod install' or update your CocoaPods installation.\" >&2\n    exit 1\nfi\n# This output is used by Xcode 'outputs' to avoid re-running this script phase.\necho \"SUCCESS\" > \"${SCRIPT_OUTPUT_FILE_0}\"\n";
			showEnvVarsInLog = 0;
		};
/* End PBXShellScriptBuildPhase section */

/* Begin PBXSourcesBuildPhase section */
		FEDE03A2226F649C00E5275C /* Sources */ = {
			isa = PBXSourcesBuildPhase;
			buildActionMask = 2147483647;
			files = (
				FEDE03AC226F649C00E5275C /* ViewController.swift in Sources */,
				FEDE03AA226F649C00E5275C /* AppDelegate.swift in Sources */,
			);
			runOnlyForDeploymentPostprocessing = 0;
		};
/* End PBXSourcesBuildPhase section */

/* Begin PBXVariantGroup section */
		FEDE03AD226F649C00E5275C /* Main.storyboard */ = {
			isa = PBXVariantGroup;
			children = (
				FEDE03AE226F649C00E5275C /* Base */,
			);
			name = Main.storyboard;
			sourceTree = "<group>";
		};
		FEDE03B2226F649E00E5275C /* LaunchScreen.storyboard */ = {
			isa = PBXVariantGroup;
			children = (
				FEDE03B3226F649E00E5275C /* Base */,
			);
			name = LaunchScreen.storyboard;
			sourceTree = "<group>";
		};
/* End PBXVariantGroup section */

/* Begin XCBuildConfiguration section */
		FEDE03B6226F649E00E5275C /* Debug */ = {
			isa = XCBuildConfiguration;
			buildSettings = {
				ALWAYS_SEARCH_USER_PATHS = NO;
				CLANG_ANALYZER_NONNULL = YES;
				CLANG_ANALYZER_NUMBER_OBJECT_CONVERSION = YES_AGGRESSIVE;
				CLANG_CXX_LANGUAGE_STANDARD = "gnu++14";
				CLANG_CXX_LIBRARY = "libc++";
				CLANG_ENABLE_MODULES = YES;
				CLANG_ENABLE_OBJC_ARC = YES;
				CLANG_ENABLE_OBJC_WEAK = YES;
				CLANG_WARN_BLOCK_CAPTURE_AUTORELEASING = YES;
				CLANG_WARN_BOOL_CONVERSION = YES;
				CLANG_WARN_COMMA = YES;
				CLANG_WARN_CONSTANT_CONVERSION = YES;
				CLANG_WARN_DEPRECATED_OBJC_IMPLEMENTATIONS = YES;
				CLANG_WARN_DIRECT_OBJC_ISA_USAGE = YES_ERROR;
				CLANG_WARN_DOCUMENTATION_COMMENTS = YES;
				CLANG_WARN_EMPTY_BODY = YES;
				CLANG_WARN_ENUM_CONVERSION = YES;
				CLANG_WARN_INFINITE_RECURSION = YES;
				CLANG_WARN_INT_CONVERSION = YES;
				CLANG_WARN_NON_LITERAL_NULL_CONVERSION = YES;
				CLANG_WARN_OBJC_IMPLICIT_RETAIN_SELF = YES;
				CLANG_WARN_OBJC_LITERAL_CONVERSION = YES;
				CLANG_WARN_OBJC_ROOT_CLASS = YES_ERROR;
				CLANG_WARN_RANGE_LOOP_ANALYSIS = YES;
				CLANG_WARN_STRICT_PROTOTYPES = YES;
				CLANG_WARN_SUSPICIOUS_MOVE = YES;
				CLANG_WARN_UNGUARDED_AVAILABILITY = YES_AGGRESSIVE;
				CLANG_WARN_UNREACHABLE_CODE = YES;
				CLANG_WARN__DUPLICATE_METHOD_MATCH = YES;
				CODE_SIGN_IDENTITY = "iPhone Developer";
				COPY_PHASE_STRIP = NO;
				DEBUG_INFORMATION_FORMAT = dwarf;
				ENABLE_STRICT_OBJC_MSGSEND = YES;
				ENABLE_TESTABILITY = YES;
				GCC_C_LANGUAGE_STANDARD = gnu11;
				GCC_DYNAMIC_NO_PIC = NO;
				GCC_NO_COMMON_BLOCKS = YES;
				GCC_OPTIMIZATION_LEVEL = 0;
				GCC_PREPROCESSOR_DEFINITIONS = (
					"DEBUG=1",
					"$(inherited)",
				);
				GCC_WARN_64_TO_32_BIT_CONVERSION = YES;
				GCC_WARN_ABOUT_RETURN_TYPE = YES_ERROR;
				GCC_WARN_UNDECLARED_SELECTOR = YES;
				GCC_WARN_UNINITIALIZED_AUTOS = YES_AGGRESSIVE;
				GCC_WARN_UNUSED_FUNCTION = YES;
				GCC_WARN_UNUSED_VARIABLE = YES;
				IPHONEOS_DEPLOYMENT_TARGET = 12.2;
				MTL_ENABLE_DEBUG_INFO = INCLUDE_SOURCE;
				MTL_FAST_MATH = YES;
				ONLY_ACTIVE_ARCH = YES;
				SDKROOT = iphoneos;
				SWIFT_ACTIVE_COMPILATION_CONDITIONS = DEBUG;
				SWIFT_OPTIMIZATION_LEVEL = "-Onone";
			};
			name = Debug;
		};
		FEDE03B7226F649E00E5275C /* Release */ = {
			isa = XCBuildConfiguration;
			buildSettings = {
				ALWAYS_SEARCH_USER_PATHS = NO;
				CLANG_ANALYZER_NONNULL = YES;
				CLANG_ANALYZER_NUMBER_OBJECT_CONVERSION = YES_AGGRESSIVE;
				CLANG_CXX_LANGUAGE_STANDARD = "gnu++14";
				CLANG_CXX_LIBRARY = "libc++";
				CLANG_ENABLE_MODULES = YES;
				CLANG_ENABLE_OBJC_ARC = YES;
				CLANG_ENABLE_OBJC_WEAK = YES;
				CLANG_WARN_BLOCK_CAPTURE_AUTORELEASING = YES;
				CLANG_WARN_BOOL_CONVERSION = YES;
				CLANG_WARN_COMMA = YES;
				CLANG_WARN_CONSTANT_CONVERSION = YES;
				CLANG_WARN_DEPRECATED_OBJC_IMPLEMENTATIONS = YES;
				CLANG_WARN_DIRECT_OBJC_ISA_USAGE = YES_ERROR;
				CLANG_WARN_DOCUMENTATION_COMMENTS = YES;
				CLANG_WARN_EMPTY_BODY = YES;
				CLANG_WARN_ENUM_CONVERSION = YES;
				CLANG_WARN_INFINITE_RECURSION = YES;
				CLANG_WARN_INT_CONVERSION = YES;
				CLANG_WARN_NON_LITERAL_NULL_CONVERSION = YES;
				CLANG_WARN_OBJC_IMPLICIT_RETAIN_SELF = YES;
				CLANG_WARN_OBJC_LITERAL_CONVERSION = YES;
				CLANG_WARN_OBJC_ROOT_CLASS = YES_ERROR;
				CLANG_WARN_RANGE_LOOP_ANALYSIS = YES;
				CLANG_WARN_STRICT_PROTOTYPES = YES;
				CLANG_WARN_SUSPICIOUS_MOVE = YES;
				CLANG_WARN_UNGUARDED_AVAILABILITY = YES_AGGRESSIVE;
				CLANG_WARN_UNREACHABLE_CODE = YES;
				CLANG_WARN__DUPLICATE_METHOD_MATCH = YES;
				CODE_SIGN_IDENTITY = "iPhone Developer";
				COPY_PHASE_STRIP = NO;
				DEBUG_INFORMATION_FORMAT = "dwarf-with-dsym";
				ENABLE_NS_ASSERTIONS = NO;
				ENABLE_STRICT_OBJC_MSGSEND = YES;
				GCC_C_LANGUAGE_STANDARD = gnu11;
				GCC_NO_COMMON_BLOCKS = YES;
				GCC_WARN_64_TO_32_BIT_CONVERSION = YES;
				GCC_WARN_ABOUT_RETURN_TYPE = YES_ERROR;
				GCC_WARN_UNDECLARED_SELECTOR = YES;
				GCC_WARN_UNINITIALIZED_AUTOS = YES_AGGRESSIVE;
				GCC_WARN_UNUSED_FUNCTION = YES;
				GCC_WARN_UNUSED_VARIABLE = YES;
				IPHONEOS_DEPLOYMENT_TARGET = 12.2;
				MTL_ENABLE_DEBUG_INFO = NO;
				MTL_FAST_MATH = YES;
				SDKROOT = iphoneos;
				SWIFT_COMPILATION_MODE = wholemodule;
				SWIFT_OPTIMIZATION_LEVEL = "-O";
				VALIDATE_PRODUCT = YES;
			};
			name = Release;
		};
		FEDE03B9226F649E00E5275C /* Debug */ = {
			isa = XCBuildConfiguration;
			baseConfigurationReference = 6B5A9CA88258D8F8C58A3134 /* Pods-AnimationsExercise.debug.xcconfig */;
			buildSettings = {
				ASSETCATALOG_COMPILER_APPICON_NAME = AppIcon;
				CODE_SIGN_STYLE = Automatic;
				DEVELOPMENT_TEAM = 2D9W9FDDN6;
				INFOPLIST_FILE = AnimationsExercise/Info.plist;
				LD_RUNPATH_SEARCH_PATHS = (
					"$(inherited)",
					"@executable_path/Frameworks",
				);
				PRODUCT_BUNDLE_IDENTIFIER = com.vintagerobot.AnimationsExercise;
				PRODUCT_NAME = "$(TARGET_NAME)";
				SWIFT_VERSION = 5.0;
				TARGETED_DEVICE_FAMILY = "1,2";
			};
			name = Debug;
		};
		FEDE03BA226F649E00E5275C /* Release */ = {
			isa = XCBuildConfiguration;
			baseConfigurationReference = A7AFDB36B279B6E82441CB5A /* Pods-AnimationsExercise.release.xcconfig */;
			buildSettings = {
				ASSETCATALOG_COMPILER_APPICON_NAME = AppIcon;
				CODE_SIGN_STYLE = Automatic;
				DEVELOPMENT_TEAM = 2D9W9FDDN6;
				INFOPLIST_FILE = AnimationsExercise/Info.plist;
				LD_RUNPATH_SEARCH_PATHS = (
					"$(inherited)",
					"@executable_path/Frameworks",
				);
				PRODUCT_BUNDLE_IDENTIFIER = com.vintagerobot.AnimationsExercise;
				PRODUCT_NAME = "$(TARGET_NAME)";
				SWIFT_VERSION = 5.0;
				TARGETED_DEVICE_FAMILY = "1,2";
			};
			name = Release;
		};
/* End XCBuildConfiguration section */

/* Begin XCConfigurationList section */
		FEDE03A1226F649C00E5275C /* Build configuration list for PBXProject "AnimationsExercise" */ = {
			isa = XCConfigurationList;
			buildConfigurations = (
				FEDE03B6226F649E00E5275C /* Debug */,
				FEDE03B7226F649E00E5275C /* Release */,
			);
			defaultConfigurationIsVisible = 0;
			defaultConfigurationName = Release;
		};
		FEDE03B8226F649E00E5275C /* Build configuration list for PBXNativeTarget "AnimationsExercise" */ = {
			isa = XCConfigurationList;
			buildConfigurations = (
				FEDE03B9226F649E00E5275C /* Debug */,
				FEDE03BA226F649E00E5275C /* Release */,
			);
			defaultConfigurationIsVisible = 0;
			defaultConfigurationName = Release;
		};
/* End XCConfigurationList section */
	};
	rootObject = FEDE039E226F649C00E5275C /* Project object */;
}
